// !$*UTF8*$!
{
	archiveVersion = 1;
	classes = {
	};
	objectVersion = 77;
	objects = {

/* Begin PBXBuildFile section */
		6536FE916487CE81E17A7C7D /* Pods_JSMediaBrowserExampleMacOS.framework in Frameworks */ = {isa = PBXBuildFile; fileRef = BE7C969E948E0469C85FE506 /* Pods_JSMediaBrowserExampleMacOS.framework */; };
		7A2BB742304552B00037C818 /* Assets.xcassets in Resources */ = {isa = PBXBuildFile; fileRef = 7A2BB739304552B00037C818 /* Assets.xcassets */; };
		7A2BB744304552B00037C818 /* LaunchScreen.storyboard in Resources */ = {isa = PBXBuildFile; fileRef = 7A2BB73C304552B00037C818 /* LaunchScreen.storyboard */; };
		7A2BB745304552B00037C818 /* Main.storyboard in Resources */ = {isa = PBXBuildFile; fileRef = 7A2BB73E304552B00037C818 /* Main.storyboard */; };
		7A2BB747304552B00037C818 /* SceneDelegate.swift in Sources */ = {isa = PBXBuildFile; fileRef = 7A2BB73F304552B00037C818 /* SceneDelegate.swift */; };
		7A2BB762304553180037C818 /* HomeViewController.swift in Sources */ = {isa = PBXBuildFile; fileRef = 7A2BB758304553180037C818 /* HomeViewController.swift */; };
		7A2BB763304553180037C818 /* PageControl.swift in Sources */ = {isa = PBXBuildFile; fileRef = 7A2BB75E304553180037C818 /* PageControl.swift */; };
		7A2BB764304553180037C818 /* Browser+Convenient.swift in Sources */ = {isa = PBXBuildFile; fileRef = 7A2BB75B304553180037C818 /* Browser+Convenient.swift */; };
		7A2BB765304553180037C818 /* BrowserViewController.swift in Sources */ = {isa = PBXBuildFile; fileRef = 7A2BB75D304553180037C818 /* BrowserViewController.swift */; };
		7A2BB766304553180037C818 /* ShareControl.swift in Sources */ = {isa = PBXBuildFile; fileRef = 7A2BB75F304553180037C818 /* ShareControl.swift */; };
		7A2BB767304553180037C818 /* Browser.swift in Sources */ = {isa = PBXBuildFile; fileRef = 7A2BB75A304553180037C818 /* Browser.swift */; };
		7A2BB768304553180037C818 /* Browser+ZoomAsset.swift in Sources */ = {isa = PBXBuildFile; fileRef = 7A2BB75C304553180037C818 /* Browser+ZoomAsset.swift */; };
		7A2BB769304553180037C818 /* HomePictureCell.swift in Sources */ = {isa = PBXBuildFile; fileRef = 7A2BB757304553180037C818 /* HomePictureCell.swift */; };
		7A2BB76A304553180037C818 /* AppDelegate.swift in Sources */ = {isa = PBXBuildFile; fileRef = 7A2BB74A304553180037C818 /* AppDelegate.swift */; };
		7A2BB76B304553180037C818 /* AppDelegate+Debug.swift in Sources */ = {isa = PBXBuildFile; fileRef = 7A2BB74B304553180037C818 /* AppDelegate+Debug.swift */; };
		7A2BB76C304553180037C818 /* data5.jpg in Resources */ = {isa = PBXBuildFile; fileRef = 7A2BB752304553180037C818 /* data5.jpg */; };
		7A2BB76D304553180037C818 /* data3.jpg in Resources */ = {isa = PBXBuildFile; fileRef = 7A2BB750304553180037C818 /* data3.jpg */; };
		7A2BB76E304553180037C818 /* TestHDR2.JPG in Resources */ = {isa = PBXBuildFile; fileRef = 7A2BB754304553180037C818 /* TestHDR2.JPG */; };
		7A2BB76F304553180037C818 /* TestHDR1.heic in Resources */ = {isa = PBXBuildFile; fileRef = 7A2BB753304553180037C818 /* TestHDR1.heic */; };
		7A2BB770304553180037C818 /* data.json in Resources */ = {isa = PBXBuildFile; fileRef = 7A2BB74D304553180037C818 /* data.json */; };
		7A2BB771304553180037C818 /* data1.jpg in Resources */ = {isa = PBXBuildFile; fileRef = 7A2BB74E304553180037C818 /* data1.jpg */; };
		7A2BB772304553180037C818 /* data2.gif in Resources */ = {isa = PBXBuildFile; fileRef = 7A2BB74F304553180037C818 /* data2.gif */; };
		7A2BB773304553180037C818 /* TestHDR3.JPG in Resources */ = {isa = PBXBuildFile; fileRef = 7A2BB755304553180037C818 /* TestHDR3.JPG */; };
		7A2BB774304553180037C818 /* data4.jpg in Resources */ = {isa = PBXBuildFile; fileRef = 7A2BB751304553180037C818 /* data4.jpg */; };
		7A2BB777304556BB0037C818 /* HomeViewController.swift in Sources */ = {isa = PBXBuildFile; fileRef = 7A2BB758304553180037C818 /* HomeViewController.swift */; };
		7A2BB778304556BB0037C818 /* PageControl.swift in Sources */ = {isa = PBXBuildFile; fileRef = 7A2BB75E304553180037C818 /* PageControl.swift */; };
		7A2BB779304556BB0037C818 /* Browser+Convenient.swift in Sources */ = {isa = PBXBuildFile; fileRef = 7A2BB75B304553180037C818 /* Browser+Convenient.swift */; };
		7A2BB77A304556BB0037C818 /* BrowserViewController.swift in Sources */ = {isa = PBXBuildFile; fileRef = 7A2BB75D304553180037C818 /* BrowserViewController.swift */; };
		7A2BB77B304556BB0037C818 /* ShareControl.swift in Sources */ = {isa = PBXBuildFile; fileRef = 7A2BB75F304553180037C818 /* ShareControl.swift */; };
		7A2BB77C304556BB0037C818 /* Browser.swift in Sources */ = {isa = PBXBuildFile; fileRef = 7A2BB75A304553180037C818 /* Browser.swift */; };
		7A2BB77D304556BB0037C818 /* Browser+ZoomAsset.swift in Sources */ = {isa = PBXBuildFile; fileRef = 7A2BB75C304553180037C818 /* Browser+ZoomAsset.swift */; };
		7A2BB77E304556BB0037C818 /* HomePictureCell.swift in Sources */ = {isa = PBXBuildFile; fileRef = 7A2BB757304553180037C818 /* HomePictureCell.swift */; };
		7A2BB77F304556BB0037C818 /* AppDelegate.swift in Sources */ = {isa = PBXBuildFile; fileRef = 7A2BB74A304553180037C818 /* AppDelegate.swift */; };
		7A2BB780304556BB0037C818 /* AppDelegate+Debug.swift in Sources */ = {isa = PBXBuildFile; fileRef = 7A2BB74B304553180037C818 /* AppDelegate+Debug.swift */; };
		7A2BB781304556BB0037C818 /* SceneDelegate.swift in Sources */ = {isa = PBXBuildFile; fileRef = 7A2BB73F304552B00037C818 /* SceneDelegate.swift */; };
		7A2BB784304556BB0037C818 /* Assets.xcassets in Resources */ = {isa = PBXBuildFile; fileRef = 7A2BB739304552B00037C818 /* Assets.xcassets */; };
		7A2BB785304556BB0037C818 /* LaunchScreen.storyboard in Resources */ = {isa = PBXBuildFile; fileRef = 7A2BB73C304552B00037C818 /* LaunchScreen.storyboard */; };
		7A2BB786304556BB0037C818 /* Main.storyboard in Resources */ = {isa = PBXBuildFile; fileRef = 7A2BB73E304552B00037C818 /* Main.storyboard */; };
		7A2BB787304556BB0037C818 /* data5.jpg in Resources */ = {isa = PBXBuildFile; fileRef = 7A2BB752304553180037C818 /* data5.jpg */; };
		7A2BB788304556BB0037C818 /* data3.jpg in Resources */ = {isa = PBXBuildFile; fileRef = 7A2BB750304553180037C818 /* data3.jpg */; };
		7A2BB789304556BB0037C818 /* TestHDR2.JPG in Resources */ = {isa = PBXBuildFile; fileRef = 7A2BB754304553180037C818 /* TestHDR2.JPG */; };
		7A2BB78A304556BB0037C818 /* TestHDR1.heic in Resources */ = {isa = PBXBuildFile; fileRef = 7A2BB753304553180037C818 /* TestHDR1.heic */; };
		7A2BB78B304556BB0037C818 /* data.json in Resources */ = {isa = PBXBuildFile; fileRef = 7A2BB74D304553180037C818 /* data.json */; };
		7A2BB78C304556BB0037C818 /* data1.jpg in Resources */ = {isa = PBXBuildFile; fileRef = 7A2BB74E304553180037C818 /* data1.jpg */; };
		7A2BB78D304556BB0037C818 /* data2.gif in Resources */ = {isa = PBXBuildFile; fileRef = 7A2BB74F304553180037C818 /* data2.gif */; };
		7A2BB78E304556BB0037C818 /* TestHDR3.JPG in Resources */ = {isa = PBXBuildFile; fileRef = 7A2BB755304553180037C818 /* TestHDR3.JPG */; };
		7A2BB78F304556BB0037C818 /* data4.jpg in Resources */ = {isa = PBXBuildFile; fileRef = 7A2BB751304553180037C818 /* data4.jpg */; };
		985913CA36F36813823B456F /* Pods_JSMediaBrowserExample.framework in Frameworks */ = {isa = PBXBuildFile; fileRef = D555C9F85B2F8D99B6A4C647 /* Pods_JSMediaBrowserExample.framework */; };
/* End PBXBuildFile section */

/* Begin PBXFileReference section */
		058935885126BF542AF3EDD7 /* Pods-JSMediaBrowserExample.release.xcconfig */ = {isa = PBXFileReference; includeInIndex = 1; lastKnownFileType = text.xcconfig; name = "Pods-JSMediaBrowserExample.release.xcconfig"; path = "Target Support Files/Pods-JSMediaBrowserExample/Pods-JSMediaBrowserExample.release.xcconfig"; sourceTree = "<group>"; };
		0A63A03830A5B307DB083596 /* Pods-JSMediaBrowserExampleMacOS.debug.xcconfig */ = {isa = PBXFileReference; includeInIndex = 1; lastKnownFileType = text.xcconfig; name = "Pods-JSMediaBrowserExampleMacOS.debug.xcconfig"; path = "Target Support Files/Pods-JSMediaBrowserExampleMacOS/Pods-JSMediaBrowserExampleMacOS.debug.xcconfig"; sourceTree = "<group>"; };
		69351230CD0F5E908D72EF8C /* Pods-JSMediaBrowserExample.debug.xcconfig */ = {isa = PBXFileReference; includeInIndex = 1; lastKnownFileType = text.xcconfig; name = "Pods-JSMediaBrowserExample.debug.xcconfig"; path = "Target Support Files/Pods-JSMediaBrowserExample/Pods-JSMediaBrowserExample.debug.xcconfig"; sourceTree = "<group>"; };
		7A2BB720304552A70037C818 /* JSMediaBrowserExample.app */ = {isa = PBXFileReference; explicitFileType = wrapper.application; includeInIndex = 0; path = JSMediaBrowserExample.app; sourceTree = BUILT_PRODUCTS_DIR; };
		7A2BB739304552B00037C818 /* Assets.xcassets */ = {isa = PBXFileReference; lastKnownFileType = folder.assetcatalog; path = Assets.xcassets; sourceTree = "<group>"; };
		7A2BB73A304552B00037C818 /* Info.plist */ = {isa = PBXFileReference; lastKnownFileType = text.plist.xml; path = Info.plist; sourceTree = "<group>"; };
		7A2BB73B304552B00037C818 /* Base */ = {isa = PBXFileReference; lastKnownFileType = file.storyboard; name = Base; path = Base.lproj/LaunchScreen.storyboard; sourceTree = "<group>"; };
		7A2BB73D304552B00037C818 /* Base */ = {isa = PBXFileReference; lastKnownFileType = file.storyboard; name = Base; path = Base.lproj/Main.storyboard; sourceTree = "<group>"; };
		7A2BB73F304552B00037C818 /* SceneDelegate.swift */ = {isa = PBXFileReference; lastKnownFileType = sourcecode.swift; path = SceneDelegate.swift; sourceTree = "<group>"; };
		7A2BB74A304553180037C818 /* AppDelegate.swift */ = {isa = PBXFileReference; lastKnownFileType = sourcecode.swift; path = AppDelegate.swift; sourceTree = "<group>"; };
		7A2BB74B304553180037C818 /* AppDelegate+Debug.swift */ = {isa = PBXFileReference; lastKnownFileType = sourcecode.swift; path = "AppDelegate+Debug.swift"; sourceTree = "<group>"; };
		7A2BB74D304553180037C818 /* data.json */ = {isa = PBXFileReference; lastKnownFileType = text.json; path = data.json; sourceTree = "<group>"; };
		7A2BB74E304553180037C818 /* data1.jpg */ = {isa = PBXFileReference; lastKnownFileType = image.jpeg; path = data1.jpg; sourceTree = "<group>"; };
		7A2BB74F304553180037C818 /* data2.gif */ = {isa = PBXFileReference; lastKnownFileType = image.gif; path = data2.gif; sourceTree = "<group>"; };
		7A2BB750304553180037C818 /* data3.jpg */ = {isa = PBXFileReference; lastKnownFileType = image.jpeg; path = data3.jpg; sourceTree = "<group>"; };
		7A2BB751304553180037C818 /* data4.jpg */ = {isa = PBXFileReference; lastKnownFileType = image.jpeg; path = data4.jpg; sourceTree = "<group>"; };
		7A2BB752304553180037C818 /* data5.jpg */ = {isa = PBXFileReference; lastKnownFileType = image.jpeg; path = data5.jpg; sourceTree = "<group>"; };
		7A2BB753304553180037C818 /* TestHDR1.heic */ = {isa = PBXFileReference; lastKnownFileType = file; path = TestHDR1.heic; sourceTree = "<group>"; };
		7A2BB754304553180037C818 /* TestHDR2.JPG */ = {isa = PBXFileReference; lastKnownFileType = image.jpeg; path = TestHDR2.JPG; sourceTree = "<group>"; };
		7A2BB755304553180037C818 /* TestHDR3.JPG */ = {isa = PBXFileReference; lastKnownFileType = image.jpeg; path = TestHDR3.JPG; sourceTree = "<group>"; };
		7A2BB757304553180037C818 /* HomePictureCell.swift */ = {isa = PBXFileReference; lastKnownFileType = sourcecode.swift; path = HomePictureCell.swift; sourceTree = "<group>"; };
		7A2BB758304553180037C818 /* HomeViewController.swift */ = {isa = PBXFileReference; lastKnownFileType = sourcecode.swift; path = HomeViewController.swift; sourceTree = "<group>"; };
		7A2BB75A304553180037C818 /* Browser.swift */ = {isa = PBXFileReference; lastKnownFileType = sourcecode.swift; path = Browser.swift; sourceTree = "<group>"; };
		7A2BB75B304553180037C818 /* Browser+Convenient.swift */ = {isa = PBXFileReference; lastKnownFileType = sourcecode.swift; path = "Browser+Convenient.swift"; sourceTree = "<group>"; };
		7A2BB75C304553180037C818 /* Browser+ZoomAsset.swift */ = {isa = PBXFileReference; lastKnownFileType = sourcecode.swift; path = "Browser+ZoomAsset.swift"; sourceTree = "<group>"; };
		7A2BB75D304553180037C818 /* BrowserViewController.swift */ = {isa = PBXFileReference; lastKnownFileType = sourcecode.swift; path = BrowserViewController.swift; sourceTree = "<group>"; };
		7A2BB75E304553180037C818 /* PageControl.swift */ = {isa = PBXFileReference; lastKnownFileType = sourcecode.swift; path = PageControl.swift; sourceTree = "<group>"; };
		7A2BB75F304553180037C818 /* ShareControl.swift */ = {isa = PBXFileReference; lastKnownFileType = sourcecode.swift; path = ShareControl.swift; sourceTree = "<group>"; };
		7A2BB794304556BB0037C818 /* JSMediaBrowserExampleMacOS.app */ = {isa = PBXFileReference; explicitFileType = wrapper.application; includeInIndex = 0; path = JSMediaBrowserExampleMacOS.app; sourceTree = BUILT_PRODUCTS_DIR; };
		7A2BB795304556BB0037C818 /* MacOS-Info.plist */ = {isa = PBXFileReference; lastKnownFileType = text.plist.xml; name = "MacOS-Info.plist"; path = "/Users/jiasong/Documents/Projects/JSMediaBrowser/Example/JSMediaBrowserExample/MacOS-Info.plist"; sourceTree = "<absolute>"; };
		BE7C969E948E0469C85FE506 /* Pods_JSMediaBrowserExampleMacOS.framework */ = {isa = PBXFileReference; explicitFileType = wrapper.framework; includeInIndex = 0; path = Pods_JSMediaBrowserExampleMacOS.framework; sourceTree = BUILT_PRODUCTS_DIR; };
		D555C9F85B2F8D99B6A4C647 /* Pods_JSMediaBrowserExample.framework */ = {isa = PBXFileReference; explicitFileType = wrapper.framework; includeInIndex = 0; path = Pods_JSMediaBrowserExample.framework; sourceTree = BUILT_PRODUCTS_DIR; };
		F841F80A3511B53737C97FF6 /* Pods-JSMediaBrowserExampleMacOS.release.xcconfig */ = {isa = PBXFileReference; includeInIndex = 1; lastKnownFileType = text.xcconfig; name = "Pods-JSMediaBrowserExampleMacOS.release.xcconfig"; path = "Target Support Files/Pods-JSMediaBrowserExampleMacOS/Pods-JSMediaBrowserExampleMacOS.release.xcconfig"; sourceTree = "<group>"; };
/* End PBXFileReference section */

/* Begin PBXFrameworksBuildPhase section */
		7A2BB71D304552A70037C818 /* Frameworks */ = {
			isa = PBXFrameworksBuildPhase;
			buildActionMask = 2147483647;
			files = (
				985913CA36F36813823B456F /* Pods_JSMediaBrowserExample.framework in Frameworks */,
			);
			runOnlyForDeploymentPostprocessing = 0;
		};
		7A2BB782304556BB0037C818 /* Frameworks */ = {
			isa = PBXFrameworksBuildPhase;
			buildActionMask = 2147483647;
			files = (
				6536FE916487CE81E17A7C7D /* Pods_JSMediaBrowserExampleMacOS.framework in Frameworks */,
			);
			runOnlyForDeploymentPostprocessing = 0;
		};
/* End PBXFrameworksBuildPhase section */

/* Begin PBXGroup section */
		2DE7A5E8294A9011F05D6E47 /* Frameworks */ = {
			isa = PBXGroup;
			children = (
				D555C9F85B2F8D99B6A4C647 /* Pods_JSMediaBrowserExample.framework */,
				BE7C969E948E0469C85FE506 /* Pods_JSMediaBrowserExampleMacOS.framework */,
			);
			name = Frameworks;
			sourceTree = "<group>";
		};
		3B9C3B727C97A799FD4E1F6D /* Pods */ = {
			isa = PBXGroup;
			children = (
				69351230CD0F5E908D72EF8C /* Pods-JSMediaBrowserExample.debug.xcconfig */,
				058935885126BF542AF3EDD7 /* Pods-JSMediaBrowserExample.release.xcconfig */,
				0A63A03830A5B307DB083596 /* Pods-JSMediaBrowserExampleMacOS.debug.xcconfig */,
				F841F80A3511B53737C97FF6 /* Pods-JSMediaBrowserExampleMacOS.release.xcconfig */,
			);
			path = Pods;
			sourceTree = "<group>";
		};
		7A2BB717304552A70037C818 = {
			isa = PBXGroup;
			children = (
				7A2BB741304552B00037C818 /* JSMediaBrowserExample */,
				7A2BB721304552A70037C818 /* Products */,
				3B9C3B727C97A799FD4E1F6D /* Pods */,
				2DE7A5E8294A9011F05D6E47 /* Frameworks */,
			);
			sourceTree = "<group>";
		};
		7A2BB721304552A70037C818 /* Products */ = {
			isa = PBXGroup;
			children = (
				7A2BB720304552A70037C818 /* JSMediaBrowserExample.app */,
				7A2BB794304556BB0037C818 /* JSMediaBrowserExampleMacOS.app */,
			);
			name = Products;
			sourceTree = "<group>";
		};
		7A2BB741304552B00037C818 /* JSMediaBrowserExample */ = {
			isa = PBXGroup;
			children = (
				7A2BB761304553180037C818 /* Sources */,
				7A2BB739304552B00037C818 /* Assets.xcassets */,
				7A2BB73A304552B00037C818 /* Info.plist */,
				7A2BB795304556BB0037C818 /* MacOS-Info.plist */,
				7A2BB73C304552B00037C818 /* LaunchScreen.storyboard */,
				7A2BB73E304552B00037C818 /* Main.storyboard */,
			);
			path = JSMediaBrowserExample;
			sourceTree = "<group>";
		};
		7A2BB74C304553180037C818 /* App */ = {
			isa = PBXGroup;
			children = (
				7A2BB74A304553180037C818 /* AppDelegate.swift */,
				7A2BB74B304553180037C818 /* AppDelegate+Debug.swift */,
				7A2BB73F304552B00037C818 /* SceneDelegate.swift */,
			);
			path = App;
			sourceTree = "<group>";
		};
		7A2BB756304553180037C818 /* Data */ = {
			isa = PBXGroup;
			children = (
				7A2BB74D304553180037C818 /* data.json */,
				7A2BB74E304553180037C818 /* data1.jpg */,
				7A2BB74F304553180037C818 /* data2.gif */,
				7A2BB750304553180037C818 /* data3.jpg */,
				7A2BB751304553180037C818 /* data4.jpg */,
				7A2BB752304553180037C818 /* data5.jpg */,
				7A2BB753304553180037C818 /* TestHDR1.heic */,
				7A2BB754304553180037C818 /* TestHDR2.JPG */,
				7A2BB755304553180037C818 /* TestHDR3.JPG */,
			);
			path = Data;
			sourceTree = "<group>";
		};
		7A2BB759304553180037C818 /* Home */ = {
			isa = PBXGroup;
			children = (
				7A2BB757304553180037C818 /* HomePictureCell.swift */,
				7A2BB758304553180037C818 /* HomeViewController.swift */,
			);
			path = Home;
			sourceTree = "<group>";
		};
		7A2BB760304553180037C818 /* MediaBrowser */ = {
			isa = PBXGroup;
			children = (
				7A2BB75A304553180037C818 /* Browser.swift */,
				7A2BB75B304553180037C818 /* Browser+Convenient.swift */,
				7A2BB75C304553180037C818 /* Browser+ZoomAsset.swift */,
				7A2BB75D304553180037C818 /* BrowserViewController.swift */,
				7A2BB75E304553180037C818 /* PageControl.swift */,
				7A2BB75F304553180037C818 /* ShareControl.swift */,
			);
			path = MediaBrowser;
			sourceTree = "<group>";
		};
		7A2BB761304553180037C818 /* Sources */ = {
			isa = PBXGroup;
			children = (
				7A2BB74C304553180037C818 /* App */,
				7A2BB756304553180037C818 /* Data */,
				7A2BB759304553180037C818 /* Home */,
				7A2BB760304553180037C818 /* MediaBrowser */,
			);
			path = Sources;
			sourceTree = "<group>";
		};
/* End PBXGroup section */

/* Begin PBXNativeTarget section */
		7A2BB71F304552A70037C818 /* JSMediaBrowserExample */ = {
			isa = PBXNativeTarget;
			buildConfigurationList = 7A2BB733304552A90037C818 /* Build configuration list for PBXNativeTarget "JSMediaBrowserExample" */;
			buildPhases = (
				9E862A5FFD9E802BABC7B245 /* [CP] Check Pods Manifest.lock */,
				7A2BB71C304552A70037C818 /* Sources */,
				7A2BB71D304552A70037C818 /* Frameworks */,
				7A2BB71E304552A70037C818 /* Resources */,
				7A2BB749304553010037C818 /* ShellScript */,
				676C211E96695617BF06A2E9 /* [CP] Embed Pods Frameworks */,
			);
			buildRules = (
			);
			dependencies = (
			);
			name = JSMediaBrowserExample;
			productName = JSMediaBrowserExample;
			productReference = 7A2BB720304552A70037C818 /* JSMediaBrowserExample.app */;
			productType = "com.apple.product-type.application";
		};
		7A2BB775304556BB0037C818 /* JSMediaBrowserExampleMacOS */ = {
			isa = PBXNativeTarget;
			buildConfigurationList = 7A2BB791304556BB0037C818 /* Build configuration list for PBXNativeTarget "JSMediaBrowserExampleMacOS" */;
			buildPhases = (
				3D07A806D0CD61C9EE709DD8 /* [CP] Check Pods Manifest.lock */,
				7A2BB776304556BB0037C818 /* Sources */,
				7A2BB782304556BB0037C818 /* Frameworks */,
				7A2BB783304556BB0037C818 /* Resources */,
				7A2BB790304556BB0037C818 /* ShellScript */,
				AB7ABF8F41D741E59681EFF3 /* [CP] Embed Pods Frameworks */,
			);
			buildRules = (
			);
			dependencies = (
			);
			name = JSMediaBrowserExampleMacOS;
			productName = JSMediaBrowserExample;
			productReference = 7A2BB794304556BB0037C818 /* JSMediaBrowserExampleMacOS.app */;
			productType = "com.apple.product-type.application";
		};
/* End PBXNativeTarget section */

/* Begin PBXProject section */
		7A2BB718304552A70037C818 /* Project object */ = {
			isa = PBXProject;
			attributes = {
				BuildIndependentTargetsInParallel = 1;
				LastSwiftUpdateCheck = 2700;
				LastUpgradeCheck = 2700;
				TargetAttributes = {
					7A2BB71F304552A70037C818 = {
						CreatedOnToolsVersion = 27.0;
					};
				};
			};
			buildConfigurationList = 7A2BB71B304552A70037C818 /* Build configuration list for PBXProject "JSMediaBrowserExample" */;
			developmentRegion = en;
			hasScannedForEncodings = 0;
			knownRegions = (
				en,
				Base,
			);
			mainGroup = 7A2BB717304552A70037C818;
			preferredProjectObjectVersion = 77;
			productRefGroup = 7A2BB721304552A70037C818 /* Products */;
			projectDirPath = "";
			projectRoot = "";
			targets = (
				7A2BB71F304552A70037C818 /* JSMediaBrowserExample */,
				7A2BB775304556BB0037C818 /* JSMediaBrowserExampleMacOS */,
			);
		};
/* End PBXProject section */

/* Begin PBXResourcesBuildPhase section */
		7A2BB71E304552A70037C818 /* Resources */ = {
			isa = PBXResourcesBuildPhase;
			buildActionMask = 2147483647;
			files = (
				7A2BB742304552B00037C818 /* Assets.xcassets in Resources */,
				7A2BB744304552B00037C818 /* LaunchScreen.storyboard in Resources */,
				7A2BB745304552B00037C818 /* Main.storyboard in Resources */,
				7A2BB76C304553180037C818 /* data5.jpg in Resources */,
				7A2BB76D304553180037C818 /* data3.jpg in Resources */,
				7A2BB76E304553180037C818 /* TestHDR2.JPG in Resources */,
				7A2BB76F304553180037C818 /* TestHDR1.heic in Resources */,
				7A2BB770304553180037C818 /* data.json in Resources */,
				7A2BB771304553180037C818 /* data1.jpg in Resources */,
				7A2BB772304553180037C818 /* data2.gif in Resources */,
				7A2BB773304553180037C818 /* TestHDR3.JPG in Resources */,
				7A2BB774304553180037C818 /* data4.jpg in Resources */,
			);
			runOnlyForDeploymentPostprocessing = 0;
		};
		7A2BB783304556BB0037C818 /* Resources */ = {
			isa = PBXResourcesBuildPhase;
			buildActionMask = 2147483647;
			files = (
				7A2BB784304556BB0037C818 /* Assets.xcassets in Resources */,
				7A2BB785304556BB0037C818 /* LaunchScreen.storyboard in Resources */,
				7A2BB786304556BB0037C818 /* Main.storyboard in Resources */,
				7A2BB787304556BB0037C818 /* data5.jpg in Resources */,
				7A2BB788304556BB0037C818 /* data3.jpg in Resources */,
				7A2BB789304556BB0037C818 /* TestHDR2.JPG in Resources */,
				7A2BB78A304556BB0037C818 /* TestHDR1.heic in Resources */,
				7A2BB78B304556BB0037C818 /* data.json in Resources */,
				7A2BB78C304556BB0037C818 /* data1.jpg in Resources */,
				7A2BB78D304556BB0037C818 /* data2.gif in Resources */,
				7A2BB78E304556BB0037C818 /* TestHDR3.JPG in Resources */,
				7A2BB78F304556BB0037C818 /* data4.jpg in Resources */,
			);
			runOnlyForDeploymentPostprocessing = 0;
		};
/* End PBXResourcesBuildPhase section */

/* Begin PBXShellScriptBuildPhase section */
		3D07A806D0CD61C9EE709DD8 /* [CP] Check Pods Manifest.lock */ = {
			isa = PBXShellScriptBuildPhase;
			buildActionMask = 2147483647;
			files = (
			);
			inputFileListPaths = (
			);
			inputPaths = (
				"${PODS_PODFILE_DIR_PATH}/Podfile.lock",
				"${PODS_ROOT}/Manifest.lock",
			);
			name = "[CP] Check Pods Manifest.lock";
			outputFileListPaths = (
			);
			outputPaths = (
				"$(DERIVED_FILE_DIR)/Pods-JSMediaBrowserExampleMacOS-checkManifestLockResult.txt",
			);
			runOnlyForDeploymentPostprocessing = 0;
			shellPath = /bin/sh;
			shellScript = "diff \"${PODS_PODFILE_DIR_PATH}/Podfile.lock\" \"${PODS_ROOT}/Manifest.lock\" > /dev/null\nif [ $? != 0 ] ; then\n    # print error to STDERR\n    echo \"error: The sandbox is not in sync with the Podfile.lock. Run 'pod install' or update your CocoaPods installation.\" >&2\n    exit 1\nfi\n# This output is used by Xcode 'outputs' to avoid re-running this script phase.\necho \"SUCCESS\" > \"${SCRIPT_OUTPUT_FILE_0}\"\n";
			showEnvVarsInLog = 0;
		};
		676C211E96695617BF06A2E9 /* [CP] Embed Pods Frameworks */ = {
			isa = PBXShellScriptBuildPhase;
			buildActionMask = 2147483647;
			files = (
			);
			inputFileListPaths = (
				"${PODS_ROOT}/Target Support Files/Pods-JSMediaBrowserExample/Pods-JSMediaBrowserExample-frameworks-${CONFIGURATION}-input-files.xcfilelist",
			);
			inputPaths = (
			);
			name = "[CP] Embed Pods Frameworks";
			outputFileListPaths = (
				"${PODS_ROOT}/Target Support Files/Pods-JSMediaBrowserExample/Pods-JSMediaBrowserExample-frameworks-${CONFIGURATION}-output-files.xcfilelist",
			);
			outputPaths = (
			);
			runOnlyForDeploymentPostprocessing = 0;
			shellPath = /bin/sh;
			shellScript = "\"${PODS_ROOT}/Target Support Files/Pods-JSMediaBrowserExample/Pods-JSMediaBrowserExample-frameworks.sh\"\n";
			showEnvVarsInLog = 0;
		};
		7A2BB749304553010037C818 /* ShellScript */ = {
			isa = PBXShellScriptBuildPhase;
			buildActionMask = 2147483647;
			files = (
			);
			inputFileListPaths = (
			);
			inputPaths = (
			);
			outputFileListPaths = (
			);
			outputPaths = (
			);
			runOnlyForDeploymentPostprocessing = 0;
			shellPath = /bin/sh;
			shellScript = "${PODS_ROOT}/SwiftLint/swiftlint --strict\n";
		};
		7A2BB790304556BB0037C818 /* ShellScript */ = {
			isa = PBXShellScriptBuildPhase;
			buildActionMask = 2147483647;
			files = (
			);
			inputFileListPaths = (
			);
			inputPaths = (
			);
			outputFileListPaths = (
			);
			outputPaths = (
			);
			runOnlyForDeploymentPostprocessing = 0;
			shellPath = /bin/sh;
			shellScript = "${PODS_ROOT}/SwiftLint/swiftlint --strict\n";
		};
		9E862A5FFD9E802BABC7B245 /* [CP] Check Pods Manifest.lock */ = {
			isa = PBXShellScriptBuildPhase;
			buildActionMask = 2147483647;
			files = (
			);
			inputFileListPaths = (
			);
			inputPaths = (
				"${PODS_PODFILE_DIR_PATH}/Podfile.lock",
				"${PODS_ROOT}/Manifest.lock",
			);
			name = "[CP] Check Pods Manifest.lock";
			outputFileListPaths = (
			);
			outputPaths = (
				"$(DERIVED_FILE_DIR)/Pods-JSMediaBrowserExample-checkManifestLockResult.txt",
			);
			runOnlyForDeploymentPostprocessing = 0;
			shellPath = /bin/sh;
			shellScript = "diff \"${PODS_PODFILE_DIR_PATH}/Podfile.lock\" \"${PODS_ROOT}/Manifest.lock\" > /dev/null\nif [ $? != 0 ] ; then\n    # print error to STDERR\n    echo \"error: The sandbox is not in sync with the Podfile.lock. Run 'pod install' or update your CocoaPods installation.\" >&2\n    exit 1\nfi\n# This output is used by Xcode 'outputs' to avoid re-running this script phase.\necho \"SUCCESS\" > \"${SCRIPT_OUTPUT_FILE_0}\"\n";
			showEnvVarsInLog = 0;
		};
		AB7ABF8F41D741E59681EFF3 /* [CP] Embed Pods Frameworks */ = {
			isa = PBXShellScriptBuildPhase;
			buildActionMask = 2147483647;
			files = (
			);
			inputFileListPaths = (
				"${PODS_ROOT}/Target Support Files/Pods-JSMediaBrowserExampleMacOS/Pods-JSMediaBrowserExampleMacOS-frameworks-${CONFIGURATION}-input-files.xcfilelist",
			);
			inputPaths = (
			);
			name = "[CP] Embed Pods Frameworks";
			outputFileListPaths = (
				"${PODS_ROOT}/Target Support Files/Pods-JSMediaBrowserExampleMacOS/Pods-JSMediaBrowserExampleMacOS-frameworks-${CONFIGURATION}-output-files.xcfilelist",
			);
			outputPaths = (
			);
			runOnlyForDeploymentPostprocessing = 0;
			shellPath = /bin/sh;
			shellScript = "\"${PODS_ROOT}/Target Support Files/Pods-JSMediaBrowserExampleMacOS/Pods-JSMediaBrowserExampleMacOS-frameworks.sh\"\n";
			showEnvVarsInLog = 0;
		};
/* End PBXShellScriptBuildPhase section */

/* Begin PBXSourcesBuildPhase section */
		7A2BB71C304552A70037C818 /* Sources */ = {
			isa = PBXSourcesBuildPhase;
			buildActionMask = 2147483647;
			files = (
				7A2BB762304553180037C818 /* HomeViewController.swift in Sources */,
				7A2BB763304553180037C818 /* PageControl.swift in Sources */,
				7A2BB764304553180037C818 /* Browser+Convenient.swift in Sources */,
				7A2BB765304553180037C818 /* BrowserViewController.swift in Sources */,
				7A2BB766304553180037C818 /* ShareControl.swift in Sources */,
				7A2BB767304553180037C818 /* Browser.swift in Sources */,
				7A2BB768304553180037C818 /* Browser+ZoomAsset.swift in Sources */,
				7A2BB769304553180037C818 /* HomePictureCell.swift in Sources */,
				7A2BB76A304553180037C818 /* AppDelegate.swift in Sources */,
				7A2BB76B304553180037C818 /* AppDelegate+Debug.swift in Sources */,
				7A2BB747304552B00037C818 /* SceneDelegate.swift in Sources */,
			);
			runOnlyForDeploymentPostprocessing = 0;
		};
		7A2BB776304556BB0037C818 /* Sources */ = {
			isa = PBXSourcesBuildPhase;
			buildActionMask = 2147483647;
			files = (
				7A2BB777304556BB0037C818 /* HomeViewController.swift in Sources */,
				7A2BB778304556BB0037C818 /* PageControl.swift in Sources */,
				7A2BB779304556BB0037C818 /* Browser+Convenient.swift in Sources */,
				7A2BB77A304556BB0037C818 /* BrowserViewController.swift in Sources */,
				7A2BB77B304556BB0037C818 /* ShareControl.swift in Sources */,
				7A2BB77C304556BB0037C818 /* Browser.swift in Sources */,
				7A2BB77D304556BB0037C818 /* Browser+ZoomAsset.swift in Sources */,
				7A2BB77E304556BB0037C818 /* HomePictureCell.swift in Sources */,
				7A2BB77F304556BB0037C818 /* AppDelegate.swift in Sources */,
				7A2BB780304556BB0037C818 /* AppDelegate+Debug.swift in Sources */,
				7A2BB781304556BB0037C818 /* SceneDelegate.swift in Sources */,
			);
			runOnlyForDeploymentPostprocessing = 0;
		};
/* End PBXSourcesBuildPhase section */

/* Begin PBXVariantGroup section */
		7A2BB73C304552B00037C818 /* LaunchScreen.storyboard */ = {
			isa = PBXVariantGroup;
			children = (
				7A2BB73B304552B00037C818 /* Base */,
			);
			name = LaunchScreen.storyboard;
			sourceTree = "<group>";
		};
		7A2BB73E304552B00037C818 /* Main.storyboard */ = {
			isa = PBXVariantGroup;
			children = (
				7A2BB73D304552B00037C818 /* Base */,
			);
			name = Main.storyboard;
			sourceTree = "<group>";
		};
/* End PBXVariantGroup section */

/* Begin XCBuildConfiguration section */
		7A2BB734304552A90037C818 /* Debug */ = {
			isa = XCBuildConfiguration;
			baseConfigurationReference = 69351230CD0F5E908D72EF8C /* Pods-JSMediaBrowserExample.debug.xcconfig */;
			buildSettings = {
				ASSETCATALOG_COMPILER_APPICON_NAME = AppIcon;
				ASSETCATALOG_COMPILER_GLOBAL_ACCENT_COLOR_NAME = AccentColor;
				CODE_SIGN_STYLE = Automatic;
				CURRENT_PROJECT_VERSION = 1;
				DEVELOPMENT_TEAM = KJ6AEY5JEH;
				ENABLE_USER_SCRIPT_SANDBOXING = NO;
				GENERATE_INFOPLIST_FILE = YES;
				INFOPLIST_FILE = JSMediaBrowserExample/Info.plist;
				INFOPLIST_KEY_UIApplicationSupportsIndirectInputEvents = YES;
				INFOPLIST_KEY_UILaunchStoryboardName = LaunchScreen;
				INFOPLIST_KEY_UIMainStoryboardFile = Main;
				INFOPLIST_KEY_UISupportedInterfaceOrientations_iPad = "UIInterfaceOrientationPortrait UIInterfaceOrientationPortraitUpsideDown UIInterfaceOrientationLandscapeLeft UIInterfaceOrientationLandscapeRight";
				INFOPLIST_KEY_UISupportedInterfaceOrientations_iPhone = "UIInterfaceOrientationPortrait UIInterfaceOrientationLandscapeLeft UIInterfaceOrientationLandscapeRight";
				LD_RUNPATH_SEARCH_PATHS = (
					"$(inherited)",
					"@executable_path/Frameworks",
				);
				MARKETING_VERSION = 1.0;
				PRODUCT_BUNDLE_IDENTIFIER = com.cloudlessmoon.JSMediaBrowserExample;
				PRODUCT_NAME = "$(TARGET_NAME)";
				STRING_CATALOG_GENERATE_SYMBOLS = YES;
				SWIFT_APPROACHABLE_CONCURRENCY = YES;
				SWIFT_DEFAULT_ACTOR_ISOLATION = MainActor;
				SWIFT_EMIT_LOC_STRINGS = YES;
				SWIFT_UPCOMING_FEATURE_MEMBER_IMPORT_VISIBILITY = YES;
				SWIFT_VERSION = 5.0;
				TARGETED_DEVICE_FAMILY = "1,2";
			};
			name = Debug;
		};
		7A2BB735304552A90037C818 /* Release */ = {
			isa = XCBuildConfiguration;
			baseConfigurationReference = 058935885126BF542AF3EDD7 /* Pods-JSMediaBrowserExample.release.xcconfig */;
			buildSettings = {
				ASSETCATALOG_COMPILER_APPICON_NAME = AppIcon;
				ASSETCATALOG_COMPILER_GLOBAL_ACCENT_COLOR_NAME = AccentColor;
				CODE_SIGN_STYLE = Automatic;
				CURRENT_PROJECT_VERSION = 1;
				DEVELOPMENT_TEAM = KJ6AEY5JEH;
				ENABLE_USER_SCRIPT_SANDBOXING = NO;
				GENERATE_INFOPLIST_FILE = YES;
				INFOPLIST_FILE = JSMediaBrowserExample/Info.plist;
				INFOPLIST_KEY_UIApplicationSupportsIndirectInputEvents = YES;
				INFOPLIST_KEY_UILaunchStoryboardName = LaunchScreen;
				INFOPLIST_KEY_UIMainStoryboardFile = Main;
				INFOPLIST_KEY_UISupportedInterfaceOrientations_iPad = "UIInterfaceOrientationPortrait UIInterfaceOrientationPortraitUpsideDown UIInterfaceOrientationLandscapeLeft UIInterfaceOrientationLandscapeRight";
				INFOPLIST_KEY_UISupportedInterfaceOrientations_iPhone = "UIInterfaceOrientationPortrait UIInterfaceOrientationLandscapeLeft UIInterfaceOrientationLandscapeRight";
				LD_RUNPATH_SEARCH_PATHS = (
					"$(inherited)",
					"@executable_path/Frameworks",
				);
				MARKETING_VERSION = 1.0;
				PRODUCT_BUNDLE_IDENTIFIER = com.cloudlessmoon.JSMediaBrowserExample;
				PRODUCT_NAME = "$(TARGET_NAME)";
				STRING_CATALOG_GENERATE_SYMBOLS = YES;
				SWIFT_APPROACHABLE_CONCURRENCY = YES;
				SWIFT_DEFAULT_ACTOR_ISOLATION = MainActor;
				SWIFT_EMIT_LOC_STRINGS = YES;
				SWIFT_UPCOMING_FEATURE_MEMBER_IMPORT_VISIBILITY = YES;
				SWIFT_VERSION = 5.0;
				TARGETED_DEVICE_FAMILY = "1,2";
			};
			name = Release;
		};
		7A2BB736304552A90037C818 /* Debug */ = {
			isa = XCBuildConfiguration;
			buildSettings = {
				ALWAYS_SEARCH_USER_PATHS = NO;
				ASSETCATALOG_COMPILER_GENERATE_SWIFT_ASSET_SYMBOL_EXTENSIONS = YES;
				CLANG_ANALYZER_NONNULL = YES;
				CLANG_ANALYZER_NUMBER_OBJECT_CONVERSION = YES_AGGRESSIVE;
				CLANG_CXX_LANGUAGE_STANDARD = "gnu++20";
				CLANG_ENABLE_MODULES = YES;
				CLANG_ENABLE_OBJC_ARC = YES;
				CLANG_ENABLE_OBJC_WEAK = YES;
				CLANG_WARN_BLOCK_CAPTURE_AUTORELEASING = YES;
				CLANG_WARN_BOOL_CONVERSION = YES;
				CLANG_WARN_COMMA = YES;
				CLANG_WARN_CONSTANT_CONVERSION = YES;
				CLANG_WARN_DEPRECATED_OBJC_IMPLEMENTATIONS = YES;
				CLANG_WARN_DIRECT_OBJC_ISA_USAGE = YES_ERROR;
				CLANG_WARN_DOCUMENTATION_COMMENTS = YES;
				CLANG_WARN_EMPTY_BODY = YES;
				CLANG_WARN_ENUM_CONVERSION = YES;
				CLANG_WARN_INFINITE_RECURSION = YES;
				CLANG_WARN_INT_CONVERSION = YES;
				CLANG_WARN_NON_LITERAL_NULL_CONVERSION = YES;
				CLANG_WARN_OBJC_IMPLICIT_RETAIN_SELF = YES;
				CLANG_WARN_OBJC_LITERAL_CONVERSION = YES;
				CLANG_WARN_OBJC_ROOT_CLASS = YES_ERROR;
				CLANG_WARN_QUOTED_INCLUDE_IN_FRAMEWORK_HEADER = YES;
				CLANG_WARN_RANGE_LOOP_ANALYSIS = YES;
				CLANG_WARN_STRICT_PROTOTYPES = YES;
				CLANG_WARN_SUSPICIOUS_MOVE = YES;
				CLANG_WARN_UNGUARDED_AVAILABILITY = YES_AGGRESSIVE;
				CLANG_WARN_UNREACHABLE_CODE = YES;
				CLANG_WARN__DUPLICATE_METHOD_MATCH = YES;
				COPY_PHASE_STRIP = NO;
				DEBUG_INFORMATION_FORMAT = dwarf;
				DEVELOPMENT_TEAM = KJ6AEY5JEH;
				ENABLE_STRICT_OBJC_MSGSEND = YES;
				ENABLE_TESTABILITY = YES;
				ENABLE_USER_SCRIPT_SANDBOXING = YES;
				GCC_C_LANGUAGE_STANDARD = gnu17;
				GCC_DYNAMIC_NO_PIC = NO;
				GCC_NO_COMMON_BLOCKS = YES;
				GCC_OPTIMIZATION_LEVEL = 0;
				GCC_PREPROCESSOR_DEFINITIONS = (
					"DEBUG=1",
					"$(inherited)",
				);
				GCC_WARN_64_TO_32_BIT_CONVERSION = YES;
				GCC_WARN_ABOUT_RETURN_TYPE = YES_ERROR;
				GCC_WARN_UNDECLARED_SELECTOR = YES;
				GCC_WARN_UNINITIALIZED_AUTOS = YES_AGGRESSIVE;
				GCC_WARN_UNUSED_FUNCTION = YES;
				GCC_WARN_UNUSED_VARIABLE = YES;
				IPHONEOS_DEPLOYMENT_TARGET = 15.0;
				LOCALIZATION_PREFERS_STRING_CATALOGS = YES;
				MTL_ENABLE_DEBUG_INFO = INCLUDE_SOURCE;
				MTL_FAST_MATH = YES;
				ONLY_ACTIVE_ARCH = YES;
				SDKROOT = iphoneos;
				SWIFT_ACTIVE_COMPILATION_CONDITIONS = "DEBUG $(inherited)";
				SWIFT_OPTIMIZATION_LEVEL = "-Onone";
			};
			name = Debug;
		};
		7A2BB737304552A90037C818 /* Release */ = {
			isa = XCBuildConfiguration;
			buildSettings = {
				ALWAYS_SEARCH_USER_PATHS = NO;
				ASSETCATALOG_COMPILER_GENERATE_SWIFT_ASSET_SYMBOL_EXTENSIONS = YES;
				CLANG_ANALYZER_NONNULL = YES;
				CLANG_ANALYZER_NUMBER_OBJECT_CONVERSION = YES_AGGRESSIVE;
				CLANG_CXX_LANGUAGE_STANDARD = "gnu++20";
				CLANG_ENABLE_MODULES = YES;
				CLANG_ENABLE_OBJC_ARC = YES;
				CLANG_ENABLE_OBJC_WEAK = YES;
				CLANG_WARN_BLOCK_CAPTURE_AUTORELEASING = YES;
				CLANG_WARN_BOOL_CONVERSION = YES;
				CLANG_WARN_COMMA = YES;
				CLANG_WARN_CONSTANT_CONVERSION = YES;
				CLANG_WARN_DEPRECATED_OBJC_IMPLEMENTATIONS = YES;
				CLANG_WARN_DIRECT_OBJC_ISA_USAGE = YES_ERROR;
				CLANG_WARN_DOCUMENTATION_COMMENTS = YES;
				CLANG_WARN_EMPTY_BODY = YES;
				CLANG_WARN_ENUM_CONVERSION = YES;
				CLANG_WARN_INFINITE_RECURSION = YES;
				CLANG_WARN_INT_CONVERSION = YES;
				CLANG_WARN_NON_LITERAL_NULL_CONVERSION = YES;
				CLANG_WARN_OBJC_IMPLICIT_RETAIN_SELF = YES;
				CLANG_WARN_OBJC_LITERAL_CONVERSION = YES;
				CLANG_WARN_OBJC_ROOT_CLASS = YES_ERROR;
				CLANG_WARN_QUOTED_INCLUDE_IN_FRAMEWORK_HEADER = YES;
				CLANG_WARN_RANGE_LOOP_ANALYSIS = YES;
				CLANG_WARN_STRICT_PROTOTYPES = YES;
				CLANG_WARN_SUSPICIOUS_MOVE = YES;
				CLANG_WARN_UNGUARDED_AVAILABILITY = YES_AGGRESSIVE;
				CLANG_WARN_UNREACHABLE_CODE = YES;
				CLANG_WARN__DUPLICATE_METHOD_MATCH = YES;
				COPY_PHASE_STRIP = NO;
				DEBUG_INFORMATION_FORMAT = "dwarf-with-dsym";
				DEVELOPMENT_TEAM = KJ6AEY5JEH;
				ENABLE_NS_ASSERTIONS = NO;
				ENABLE_STRICT_OBJC_MSGSEND = YES;
				ENABLE_USER_SCRIPT_SANDBOXING = YES;
				GCC_C_LANGUAGE_STANDARD = gnu17;
				GCC_NO_COMMON_BLOCKS = YES;
				GCC_WARN_64_TO_32_BIT_CONVERSION = YES;
				GCC_WARN_ABOUT_RETURN_TYPE = YES_ERROR;
				GCC_WARN_UNDECLARED_SELECTOR = YES;
				GCC_WARN_UNINITIALIZED_AUTOS = YES_AGGRESSIVE;
				GCC_WARN_UNUSED_FUNCTION = YES;
				GCC_WARN_UNUSED_VARIABLE = YES;
				IPHONEOS_DEPLOYMENT_TARGET = 15.0;
				LOCALIZATION_PREFERS_STRING_CATALOGS = YES;
				MTL_ENABLE_DEBUG_INFO = NO;
				MTL_FAST_MATH = YES;
				SDKROOT = iphoneos;
				SWIFT_COMPILATION_MODE = wholemodule;
				VALIDATE_PRODUCT = YES;
			};
			name = Release;
		};
		7A2BB792304556BB0037C818 /* Debug */ = {
			isa = XCBuildConfiguration;
			baseConfigurationReference = 0A63A03830A5B307DB083596 /* Pods-JSMediaBrowserExampleMacOS.debug.xcconfig */;
			buildSettings = {
				ASSETCATALOG_COMPILER_APPICON_NAME = AppIcon;
				ASSETCATALOG_COMPILER_GLOBAL_ACCENT_COLOR_NAME = AccentColor;
				CODE_SIGN_STYLE = Automatic;
				CURRENT_PROJECT_VERSION = 1;
				DEVELOPMENT_TEAM = KJ6AEY5JEH;
				ENABLE_USER_SCRIPT_SANDBOXING = NO;
				GENERATE_INFOPLIST_FILE = YES;
				INFOPLIST_FILE = "JSMediaBrowserExample/MacOS-Info.plist";
				INFOPLIST_KEY_UIApplicationSupportsIndirectInputEvents = YES;
				INFOPLIST_KEY_UILaunchStoryboardName = LaunchScreen;
				INFOPLIST_KEY_UIMainStoryboardFile = Main;
				INFOPLIST_KEY_UISupportedInterfaceOrientations_iPad = "UIInterfaceOrientationPortrait UIInterfaceOrientationPortraitUpsideDown UIInterfaceOrientationLandscapeLeft UIInterfaceOrientationLandscapeRight";
				INFOPLIST_KEY_UISupportedInterfaceOrientations_iPhone = "UIInterfaceOrientationPortrait UIInterfaceOrientationLandscapeLeft UIInterfaceOrientationLandscapeRight";
				LD_RUNPATH_SEARCH_PATHS = (
					"$(inherited)",
					"@executable_path/Frameworks",
				);
				MARKETING_VERSION = 1.0;
				PRODUCT_BUNDLE_IDENTIFIER = com.cloudlessmoon.JSMediaBrowserExample;
				PRODUCT_NAME = "$(TARGET_NAME)";
				STRING_CATALOG_GENERATE_SYMBOLS = YES;
				SWIFT_APPROACHABLE_CONCURRENCY = YES;
				SWIFT_DEFAULT_ACTOR_ISOLATION = MainActor;
				SWIFT_EMIT_LOC_STRINGS = YES;
				SWIFT_UPCOMING_FEATURE_MEMBER_IMPORT_VISIBILITY = YES;
				SWIFT_VERSION = 5.0;
				TARGETED_DEVICE_FAMILY = "1,2";
			};
			name = Debug;
		};
		7A2BB793304556BB0037C818 /* Release */ = {
			isa = XCBuildConfiguration;
			baseConfigurationReference = F841F80A3511B53737C97FF6 /* Pods-JSMediaBrowserExampleMacOS.release.xcconfig */;
			buildSettings = {
				ASSETCATALOG_COMPILER_APPICON_NAME = AppIcon;
				ASSETCATALOG_COMPILER_GLOBAL_ACCENT_COLOR_NAME = AccentColor;
				CODE_SIGN_STYLE = Automatic;
				CURRENT_PROJECT_VERSION = 1;
				DEVELOPMENT_TEAM = KJ6AEY5JEH;
				ENABLE_USER_SCRIPT_SANDBOXING = NO;
				GENERATE_INFOPLIST_FILE = YES;
				INFOPLIST_FILE = "JSMediaBrowserExample/MacOS-Info.plist";
				INFOPLIST_KEY_UIApplicationSupportsIndirectInputEvents = YES;
				INFOPLIST_KEY_UILaunchStoryboardName = LaunchScreen;
				INFOPLIST_KEY_UIMainStoryboardFile = Main;
				INFOPLIST_KEY_UISupportedInterfaceOrientations_iPad = "UIInterfaceOrientationPortrait UIInterfaceOrientationPortraitUpsideDown UIInterfaceOrientationLandscapeLeft UIInterfaceOrientationLandscapeRight";
				INFOPLIST_KEY_UISupportedInterfaceOrientations_iPhone = "UIInterfaceOrientationPortrait UIInterfaceOrientationLandscapeLeft UIInterfaceOrientationLandscapeRight";
				LD_RUNPATH_SEARCH_PATHS = (
					"$(inherited)",
					"@executable_path/Frameworks",
				);
				MARKETING_VERSION = 1.0;
				PRODUCT_BUNDLE_IDENTIFIER = com.cloudlessmoon.JSMediaBrowserExample;
				PRODUCT_NAME = "$(TARGET_NAME)";
				STRING_CATALOG_GENERATE_SYMBOLS = YES;
				SWIFT_APPROACHABLE_CONCURRENCY = YES;
				SWIFT_DEFAULT_ACTOR_ISOLATION = MainActor;
				SWIFT_EMIT_LOC_STRINGS = YES;
				SWIFT_UPCOMING_FEATURE_MEMBER_IMPORT_VISIBILITY = YES;
				SWIFT_VERSION = 5.0;
				TARGETED_DEVICE_FAMILY = "1,2";
			};
			name = Release;
		};
/* End XCBuildConfiguration section */

/* Begin XCConfigurationList section */
		7A2BB71B304552A70037C818 /* Build configuration list for PBXProject "JSMediaBrowserExample" */ = {
			isa = XCConfigurationList;
			buildConfigurations = (
				7A2BB736304552A90037C818 /* Debug */,
				7A2BB737304552A90037C818 /* Release */,
			);
			defaultConfigurationIsVisible = 0;
			defaultConfigurationName = Release;
		};
		7A2BB733304552A90037C818 /* Build configuration list for PBXNativeTarget "JSMediaBrowserExample" */ = {
			isa = XCConfigurationList;
			buildConfigurations = (
				7A2BB734304552A90037C818 /* Debug */,
				7A2BB735304552A90037C818 /* Release */,
			);
			defaultConfigurationIsVisible = 0;
			defaultConfigurationName = Release;
		};
		7A2BB791304556BB0037C818 /* Build configuration list for PBXNativeTarget "JSMediaBrowserExampleMacOS" */ = {
			isa = XCConfigurationList;
			buildConfigurations = (
				7A2BB792304556BB0037C818 /* Debug */,
				7A2BB793304556BB0037C818 /* Release */,
			);
			defaultConfigurationIsVisible = 0;
			defaultConfigurationName = Release;
		};
/* End XCConfigurationList section */
	};
	rootObject = 7A2BB718304552A70037C818 /* Project object */;
}
